
Microsoft Visual Studio Solution File, Format Version 12.00
# Visual Studio Version 17
VisualStudioVersion = 17.11.35303.130
MinimumVisualStudioVersion = 10.0.40219.1
Project("{FAE04EC0-301F-11D3-BF4B-00C04F79EFBC}") = "Keythi.Prototipos.Ejercicio04", "Keythi.Prototipos.Ejercicio04\Keythi.Prototipos.Ejercicio04.csproj", "{FA3A6B1A-E240-4D62-B6BE-F32BDA7510ED}"
EndProject
Global
	GlobalSection(SolutionConfigurationPlatforms) = preSolution
		Debug|Any CPU = Debug|Any CPU
		Release|Any CPU = Release|Any CPU
	EndGlobalSection
	GlobalSection(ProjectConfigurationPlatforms) = postSolution
		{FA3A6B1A-E240-4D62-B6BE-F32BDA7510ED}.Debug|Any CPU.ActiveCfg = Debug|Any CPU
		{FA3A6B1A-E240-4D62-B6BE-F32BDA7510ED}.Debug|Any CPU.Build.0 = Debug|Any CPU
		{FA3A6B1A-E240-4D62-B6BE-F32BDA7510ED}.Release|Any CPU.ActiveCfg = Release|Any CPU
		{FA3A6B1A-E240-4D62-B6BE-F32BDA7510ED}.Release|Any CPU.Build.0 = Release|Any CPU
	EndGlobalSection
	GlobalSection(SolutionProperties) = preSolution
		HideSolutionNode = FALSE
	EndGlobalSection
	GlobalSection(ExtensibilityGlobals) = postSolution
		SolutionGuid = {5A95FF84-4A71-4B02-B683-A5FCDEA39152}
	EndGlobalSection
EndGlobal
